PODS:
  - Flutter (1.0.0)
  - flutter_network_connectivity (0.0.1):
    - Flutter
  - kakao_flutter_sdk_common (1.3.1):
    - Flutter
  - shared_preferences_ios (0.0.1):
    - Flutter

DEPENDENCIES:
  - Flutter (from `Flutter`)
  - flutter_network_connectivity (from `.symlinks/plugins/flutter_network_connectivity/ios`)
  - kakao_flutter_sdk_common (from `.symlinks/plugins/kakao_flutter_sdk_common/ios`)
  - shared_preferences_ios (from `.symlinks/plugins/shared_preferences_ios/ios`)

EXTERNAL SOURCES:
  Flutter:
    :path: Flutter
  flutter_network_connectivity:
    :path: ".symlinks/plugins/flutter_network_connectivity/ios"
  kakao_flutter_sdk_common:
    :path: ".symlinks/plugins/kakao_flutter_sdk_common/ios"
  shared_preferences_ios:
    :path: ".symlinks/plugins/shared_preferences_ios/ios"

SPEC CHECKSUMS:
  Flutter: 50d75fe2f02b26cc09d224853bb45737f8b3214a
  flutter_network_connectivity: 4769b76bfc2f970ecfe3d9dbd5f23bb066f85a65
  kakao_flutter_sdk_common: b1f30bb70b2341db4d9bbad727f8356e64729668
  shared_preferences_ios: 548a61f8053b9b8a49ac19c1ffbc8b92c50d68ad

PODFILE CHECKSUM: 4e8f8b2be68aeea4c0d5beb6ff1e79fface1d048

COCOAPODS: 1.11.3
